{
  "name": "backMobi",
  "lockfileVersion": 2,
  "requires": true,
  "packages": {
    "": {
      "dependencies": {
        "@ionic/angular": "^5.9.4"
      }
    },
    "node_modules/@angular/common": {
      "version": "14.0.6",
      "resolved": "https://registry.npmjs.org/@angular/common/-/common-14.0.6.tgz",
      "integrity": "sha512-AynjE7OOEfrdKmS3nu00tkf4g66cx97T6qhfaTvc3hKi45MreBcJkIMcSowF24peygvUN41htMJuq3WQLu92iQ==",
      "peer": true,
      "dependencies": {
        "tslib": "^2.3.0"
      },
      "engines": {
        "node": "^14.15.0 || >=16.10.0"
      },
      "peerDependencies": {
        "@angular/core": "14.0.6",
        "rxjs": "^6.5.3 || ^7.4.0"
      }
    },
    "node_modules/@angular/core": {
      "version": "14.0.6",
      "resolved": "https://registry.npmjs.org/@angular/core/-/core-14.0.6.tgz",
      "integrity": "sha512-hyQ3s9Yrm3ejhumgAC9ENhMFmvmPlJkk1tEOjruyoiHwK4EOaDpI+GCNQIBUB1Z3B/QLMlgZeMXrULQztjSQwg==",
      "peer": true,
      "dependencies": {
        "tslib": "^2.3.0"
      },
      "engines": {
        "node": "^14.15.0 || >=16.10.0"
      },
      "peerDependencies": {
        "rxjs": "^6.5.3 || ^7.4.0",
        "zone.js": "~0.11.4"
      }
    },
    "node_modules/@angular/forms": {
      "version": "14.0.6",
      "resolved": "https://registry.npmjs.org/@angular/forms/-/forms-14.0.6.tgz",
      "integrity": "sha512-ITa3A6pWecDgDjBTlwQnJnSOc1o35bIvRpTclLx/ysDbn4FB2tPy4iseCSrOlgdJHZjBcHBIxX27yYjWyBfIwQ==",
      "peer": true,
      "dependencies": {
        "tslib": "^2.3.0"
      },
      "engines": {
        "node": "^14.15.0 || >=16.10.0"
      },
      "peerDependencies": {
        "@angular/common": "14.0.6",
        "@angular/core": "14.0.6",
        "@angular/platform-browser": "14.0.6",
        "rxjs": "^6.5.3 || ^7.4.0"
      }
    },
    "node_modules/@angular/platform-browser": {
      "version": "14.0.6",
      "resolved": "https://registry.npmjs.org/@angular/platform-browser/-/platform-browser-14.0.6.tgz",
      "integrity": "sha512-d9PS2E5HSgiKzItHzVdxdBoMeaOvlDo6ccSEXLYCGyJ9MykDjKvJPWy6GicilBPa8g4VGJpk9J+lbgXXAOkCFA==",
      "peer": true,
      "dependencies": {
        "tslib": "^2.3.0"
      },
      "engines": {
        "node": "^14.15.0 || >=16.10.0"
      },
      "peerDependencies": {
        "@angular/animations": "14.0.6",
        "@angular/common": "14.0.6",
        "@angular/core": "14.0.6"
      },
      "peerDependenciesMeta": {
        "@angular/animations": {
          "optional": true
        }
      }
    },
    "node_modules/@angular/router": {
      "version": "14.0.6",
      "resolved": "https://registry.npmjs.org/@angular/router/-/router-14.0.6.tgz",
      "integrity": "sha512-FFLnaBuOASqUCbr8QIBX8Y+PbSSVrN6YFVI82bQDr2fesI+5UdLTfiEBUMizwnQ4choEtSd8542DjiEW8Rc+lA==",
      "peer": true,
      "dependencies": {
        "tslib": "^2.3.0"
      },
      "engines": {
        "node": "^14.15.0 || >=16.10.0"
      },
      "peerDependencies": {
        "@angular/common": "14.0.6",
        "@angular/core": "14.0.6",
        "@angular/platform-browser": "14.0.6",
        "rxjs": "^6.5.3 || ^7.4.0"
      }
    },
    "node_modules/@ionic/angular": {
      "version": "5.9.4",
      "resolved": "https://registry.npmjs.org/@ionic/angular/-/angular-5.9.4.tgz",
      "integrity": "sha512-U/85FePF48VaZXTudTwpVXDqhGmYfarl/7vki7a4umnIORnWtHqD2/pXsqqZ/O1EcbALwULYIeVXAfkFpPd2wQ==",
      "dependencies": {
        "@ionic/core": "5.9.4",
        "tslib": "^1.9.3"
      },
      "peerDependencies": {
        "@angular/core": ">=8.2.7",
        "@angular/forms": ">=8.2.7",
        "@angular/router": ">=8.2.7",
        "rxjs": ">=6.2.0",
        "zone.js": ">=0.8.26"
      }
    },
    "node_modules/@ionic/angular/node_modules/tslib": {
      "version": "1.14.1",
      "resolved": "https://registry.npmjs.org/tslib/-/tslib-1.14.1.tgz",
      "integrity": "sha512-Xni35NKzjgMrwevysHTCArtLDpPvye8zV/0E4EyYn43P7/7qvQwPh9BGkHewbMulVntbigmcT7rdX3BNo9wRJg=="
    },
    "node_modules/@ionic/core": {
      "version": "5.9.4",
      "resolved": "https://registry.npmjs.org/@ionic/core/-/core-5.9.4.tgz",
      "integrity": "sha512-Ngz9yVT6fIiGdSxxBer8uJxP4w6PasvohYpLxhtMgYiWnyIu0vZra2ui3HrYukCzUo5/SbNPiUr1l7cj1E+7qw==",
      "dependencies": {
        "@stencil/core": "^2.4.0",
        "ionicons": "^5.5.3",
        "tslib": "^2.1.0"
      }
    },
    "node_modules/@stencil/core": {
      "version": "2.17.1",
      "resolved": "https://registry.npmjs.org/@stencil/core/-/core-2.17.1.tgz",
      "integrity": "sha512-ErjQsNALgZQ9SYeBHhqwL1UO+Zbptwl3kwrRJC2tGlc3G/T6UvPuaKr+PGsqI+CZGia+0+R5EELQvFu74mYeIg==",
      "bin": {
        "stencil": "bin/stencil"
      },
      "engines": {
        "node": ">=12.10.0",
        "npm": ">=6.0.0"
      }
    },
    "node_modules/ionicons": {
      "version": "5.5.4",
      "resolved": "https://registry.npmjs.org/ionicons/-/ionicons-5.5.4.tgz",
      "integrity": "sha512-3ph8X9my3inhabWEZ7N0XRA0MnnNQ1v9a602mLNgWsIXnxE9G5BybIZ/pws/OZZ/hoNlvSjk801N03yL9/FNgQ==",
      "dependencies": {
        "@stencil/core": "~2.10.0"
      }
    },
    "node_modules/ionicons/node_modules/@stencil/core": {
      "version": "2.10.0",
      "resolved": "https://registry.npmjs.org/@stencil/core/-/core-2.10.0.tgz",
      "integrity": "sha512-15rWMTPQ/sp0lSV82HVCXkIya3QLN+uBl7pqK4JnTrp4HiLrzLmNbWjbvgCs55gw0lULbCIGbRIEsFz+Pe/Q+A==",
      "bin": {
        "stencil": "bin/stencil"
      },
      "engines": {
        "node": ">=12.10.0",
        "npm": ">=6.0.0"
      }
    },
    "node_modules/rxjs": {
      "version": "7.5.6",
      "resolved": "https://registry.npmjs.org/rxjs/-/rxjs-7.5.6.tgz",
      "integrity": "sha512-dnyv2/YsXhnm461G+R/Pe5bWP41Nm6LBXEYWI6eiFP4fiwx6WRI/CD0zbdVAudd9xwLEF2IDcKXLHit0FYjUzw==",
      "peer": true,
      "dependencies": {
        "tslib": "^2.1.0"
      }
    },
    "node_modules/tslib": {
      "version": "2.4.0",
      "resolved": "https://registry.npmjs.org/tslib/-/tslib-2.4.0.tgz",
      "integrity": "sha512-d6xOpEDfsi2CZVlPQzGeux8XMwLT9hssAsaPYExaQMuYskwb+x1x7J371tWlbBdWHroy99KnVB6qIkUbs5X3UQ=="
    },
    "node_modules/zone.js": {
      "version": "0.11.6",
      "resolved": "https://registry.npmjs.org/zone.js/-/zone.js-0.11.6.tgz",
      "integrity": "sha512-umJqFtKyZlPli669gB1gOrRE9hxUUGkZr7mo878z+NEBJZZixJkKeVYfnoLa7g25SseUDc92OZrMKKHySyJrFg==",
      "peer": true,
      "dependencies": {
        "tslib": "^2.3.0"
      }
    }
  },
  "dependencies": {
    "@angular/common": {
      "version": "14.0.6",
      "resolved": "https://registry.npmjs.org/@angular/common/-/common-14.0.6.tgz",
      "integrity": "sha512-AynjE7OOEfrdKmS3nu00tkf4g66cx97T6qhfaTvc3hKi45MreBcJkIMcSowF24peygvUN41htMJuq3WQLu92iQ==",
      "peer": true,
      "requires": {
        "tslib": "^2.3.0"
      }
    },
    "@angular/core": {
      "version": "14.0.6",
      "resolved": "https://registry.npmjs.org/@angular/core/-/core-14.0.6.tgz",
      "integrity": "sha512-hyQ3s9Yrm3ejhumgAC9ENhMFmvmPlJkk1tEOjruyoiHwK4EOaDpI+GCNQIBUB1Z3B/QLMlgZeMXrULQztjSQwg==",
      "peer": true,
      "requires": {
        "tslib": "^2.3.0"
      }
    },
    "@angular/forms": {
      "version": "14.0.6",
      "resolved": "https://registry.npmjs.org/@angular/forms/-/forms-14.0.6.tgz",
      "integrity": "sha512-ITa3A6pWecDgDjBTlwQnJnSOc1o35bIvRpTclLx/ysDbn4FB2tPy4iseCSrOlgdJHZjBcHBIxX27yYjWyBfIwQ==",
      "peer": true,
      "requires": {
        "tslib": "^2.3.0"
      }
    },
    "@angular/platform-browser": {
      "version": "14.0.6",
      "resolved": "https://registry.npmjs.org/@angular/platform-browser/-/platform-browser-14.0.6.tgz",
      "integrity": "sha512-d9PS2E5HSgiKzItHzVdxdBoMeaOvlDo6ccSEXLYCGyJ9MykDjKvJPWy6GicilBPa8g4VGJpk9J+lbgXXAOkCFA==",
      "peer": true,
      "requires": {
        "tslib": "^2.3.0"
      }
    },
    "@angular/router": {
      "version": "14.0.6",
      "resolved": "https://registry.npmjs.org/@angular/router/-/router-14.0.6.tgz",
      "integrity": "sha512-FFLnaBuOASqUCbr8QIBX8Y+PbSSVrN6YFVI82bQDr2fesI+5UdLTfiEBUMizwnQ4choEtSd8542DjiEW8Rc+lA==",
      "peer": true,
      "requires": {
        "tslib": "^2.3.0"
      }
    },
    "@ionic/angular": {
      "version": "5.9.4",
      "resolved": "https://registry.npmjs.org/@ionic/angular/-/angular-5.9.4.tgz",
      "integrity": "sha512-U/85FePF48VaZXTudTwpVXDqhGmYfarl/7vki7a4umnIORnWtHqD2/pXsqqZ/O1EcbALwULYIeVXAfkFpPd2wQ==",
      "requires": {
        "@ionic/core": "5.9.4",
        "tslib": "^1.9.3"
      },
      "dependencies": {
        "tslib": {
          "version": "1.14.1",
          "resolved": "https://registry.npmjs.org/tslib/-/tslib-1.14.1.tgz",
          "integrity": "sha512-Xni35NKzjgMrwevysHTCArtLDpPvye8zV/0E4EyYn43P7/7qvQwPh9BGkHewbMulVntbigmcT7rdX3BNo9wRJg=="
        }
      }
    },
    "@ionic/core": {
      "version": "5.9.4",
      "resolved": "https://registry.npmjs.org/@ionic/core/-/core-5.9.4.tgz",
      "integrity": "sha512-Ngz9yVT6fIiGdSxxBer8uJxP4w6PasvohYpLxhtMgYiWnyIu0vZra2ui3HrYukCzUo5/SbNPiUr1l7cj1E+7qw==",
      "requires": {
        "@stencil/core": "^2.4.0",
        "ionicons": "^5.5.3",
        "tslib": "^2.1.0"
      }
    },
    "@stencil/core": {
      "version": "2.17.1",
      "resolved": "https://registry.npmjs.org/@stencil/core/-/core-2.17.1.tgz",
      "integrity": "sha512-ErjQsNALgZQ9SYeBHhqwL1UO+Zbptwl3kwrRJC2tGlc3G/T6UvPuaKr+PGsqI+CZGia+0+R5EELQvFu74mYeIg=="
    },
    "ionicons": {
      "version": "5.5.4",
      "resolved": "https://registry.npmjs.org/ionicons/-/ionicons-5.5.4.tgz",
      "integrity": "sha512-3ph8X9my3inhabWEZ7N0XRA0MnnNQ1v9a602mLNgWsIXnxE9G5BybIZ/pws/OZZ/hoNlvSjk801N03yL9/FNgQ==",
      "requires": {
        "@stencil/core": "~2.10.0"
      },
      "dependencies": {
        "@stencil/core": {
          "version": "2.10.0",
          "resolved": "https://registry.npmjs.org/@stencil/core/-/core-2.10.0.tgz",
          "integrity": "sha512-15rWMTPQ/sp0lSV82HVCXkIya3QLN+uBl7pqK4JnTrp4HiLrzLmNbWjbvgCs55gw0lULbCIGbRIEsFz+Pe/Q+A=="
        }
      }
    },
    "rxjs": {
      "version": "7.5.6",
      "resolved": "https://registry.npmjs.org/rxjs/-/rxjs-7.5.6.tgz",
      "integrity": "sha512-dnyv2/YsXhnm461G+R/Pe5bWP41Nm6LBXEYWI6eiFP4fiwx6WRI/CD0zbdVAudd9xwLEF2IDcKXLHit0FYjUzw==",
      "peer": true,
      "requires": {
        "tslib": "^2.1.0"
      }
    },
    "tslib": {
      "version": "2.4.0",
      "resolved": "https://registry.npmjs.org/tslib/-/tslib-2.4.0.tgz",
      "integrity": "sha512-d6xOpEDfsi2CZVlPQzGeux8XMwLT9hssAsaPYExaQMuYskwb+x1x7J371tWlbBdWHroy99KnVB6qIkUbs5X3UQ=="
    },
    "zone.js": {
      "version": "0.11.6",
      "resolved": "https://registry.npmjs.org/zone.js/-/zone.js-0.11.6.tgz",
      "integrity": "sha512-umJqFtKyZlPli669gB1gOrRE9hxUUGkZr7mo878z+NEBJZZixJkKeVYfnoLa7g25SseUDc92OZrMKKHySyJrFg==",
      "peer": true,
      "requires": {
        "tslib": "^2.3.0"
      }
    }
  }
}
